
Microsoft Visual Studio Solution File, Format Version 12.00
# Visual Studio Version 16
VisualStudioVersion = 16.0.30717.126
MinimumVisualStudioVersion = 10.0.40219.1
Project("{9A19103F-16F7-4668-BE54-9A1E7A4F7556}") = "Leantavla.Server", "Leantavla\Server\Leantavla.Server.csproj", "{64CBB1EB-39E5-437F-B1BD-9B2F0E7CD6A3}"
EndProject
Project("{9A19103F-16F7-4668-BE54-9A1E7A4F7556}") = "Leantavla.Client", "Leantavla\Client\Leantavla.Client.csproj", "{3A628FB4-F2F9-4E33-B950-A5B54BD9BF9C}"
EndProject
Project("{9A19103F-16F7-4668-BE54-9A1E7A4F7556}") = "Leantavla.Shared", "Leantavla\Shared\Leantavla.Shared.csproj", "{18A336D9-FB04-46BC-BFFB-6470F0028CB6}"
EndProject
Project("{2150E333-8FDC-42A3-9474-1A3956D46DE8}") = "build", "build", "{6980E455-81B1-43DA-A0A3-2FB6CFB40414}"
	ProjectSection(SolutionItems) = preProject
		docker-compose.yml = docker-compose.yml
		Dockerfile = Dockerfile
	EndProjectSection
EndProject
Project("{2150E333-8FDC-42A3-9474-1A3956D46DE8}") = "Solution Items", "Solution Items", "{735C51C9-8ABD-4825-B661-695BF369C2F7}"
	ProjectSection(SolutionItems) = preProject
		README.md = README.md
	EndProjectSection
EndProject
Project("{2150E333-8FDC-42A3-9474-1A3956D46DE8}") = "Database", "Database", "{4819DB77-DF93-40E1-87EE-2F432E24E4CE}"
	ProjectSection(SolutionItems) = preProject
		Database\Dockerfile = Database\Dockerfile
	EndProjectSection
EndProject
Global
	GlobalSection(SolutionConfigurationPlatforms) = preSolution
		Debug|Any CPU = Debug|Any CPU
		Release|Any CPU = Release|Any CPU
	EndGlobalSection
	GlobalSection(ProjectConfigurationPlatforms) = postSolution
		{64CBB1EB-39E5-437F-B1BD-9B2F0E7CD6A3}.Debug|Any CPU.ActiveCfg = Debug|Any CPU
		{64CBB1EB-39E5-437F-B1BD-9B2F0E7CD6A3}.Debug|Any CPU.Build.0 = Debug|Any CPU
		{64CBB1EB-39E5-437F-B1BD-9B2F0E7CD6A3}.Release|Any CPU.ActiveCfg = Release|Any CPU
		{64CBB1EB-39E5-437F-B1BD-9B2F0E7CD6A3}.Release|Any CPU.Build.0 = Release|Any CPU
		{3A628FB4-F2F9-4E33-B950-A5B54BD9BF9C}.Debug|Any CPU.ActiveCfg = Debug|Any CPU
		{3A628FB4-F2F9-4E33-B950-A5B54BD9BF9C}.Debug|Any CPU.Build.0 = Debug|Any CPU
		{3A628FB4-F2F9-4E33-B950-A5B54BD9BF9C}.Release|Any CPU.ActiveCfg = Release|Any CPU
		{3A628FB4-F2F9-4E33-B950-A5B54BD9BF9C}.Release|Any CPU.Build.0 = Release|Any CPU
		{18A336D9-FB04-46BC-BFFB-6470F0028CB6}.Debug|Any CPU.ActiveCfg = Debug|Any CPU
		{18A336D9-FB04-46BC-BFFB-6470F0028CB6}.Debug|Any CPU.Build.0 = Debug|Any CPU
		{18A336D9-FB04-46BC-BFFB-6470F0028CB6}.Release|Any CPU.ActiveCfg = Release|Any CPU
		{18A336D9-FB04-46BC-BFFB-6470F0028CB6}.Release|Any CPU.Build.0 = Release|Any CPU
	EndGlobalSection
	GlobalSection(SolutionProperties) = preSolution
		HideSolutionNode = FALSE
	EndGlobalSection
	GlobalSection(ExtensibilityGlobals) = postSolution
		SolutionGuid = {41A730CA-A328-4D11-98D2-9AFA40CE57E2}
	EndGlobalSection
EndGlobal
